
Microsoft Visual Studio Solution File, Format Version 11.00
# Visual Studio 2010
Project("{FAE04EC0-301F-11D3-BF4B-00C04F79EFBC}") = "Shoot'em-up", "Assembly-CSharp.csproj", "{C9DF1385-3A28-0079-076D-7B833001BF5F}"
EndProject
Global
	GlobalSection(SolutionConfigurationPlatforms) = preSolution
		Debug|Any CPU = Debug|Any CPU
		Release|Any CPU = Release|Any CPU
	EndGlobalSection
	GlobalSection(ProjectConfigurationPlatforms) = postSolution
		{C9DF1385-3A28-0079-076D-7B833001BF5F}.Debug|Any CPU.ActiveCfg = Debug|Any CPU
		{C9DF1385-3A28-0079-076D-7B833001BF5F}.Debug|Any CPU.Build.0 = Debug|Any CPU
		{C9DF1385-3A28-0079-076D-7B833001BF5F}.Release|Any CPU.ActiveCfg = Release|Any CPU
		{C9DF1385-3A28-0079-076D-7B833001BF5F}.Release|Any CPU.Build.0 = Release|Any CPU
	EndGlobalSection
	GlobalSection(SolutionProperties) = preSolution
		HideSolutionNode = FALSE
	EndGlobalSection
	GlobalSection(MonoDevelopProperties) = preSolution
		StartupItem = Assembly-CSharp.csproj
	EndGlobalSection
EndGlobal
